{
  "name": "gtsp-weapp",
  "lockfileVersion": 2,
  "requires": true,
  "packages": {
    "": {
      "dependencies": {
        "weui-miniprogram": "^1.2.3",
        "wxmp-rsa": "^2.1.0"
      }
    },
    "node_modules/weui-miniprogram": {
      "version": "1.2.3",
      "resolved": "https://registry.npmjs.org/weui-miniprogram/-/weui-miniprogram-1.2.3.tgz",
      "integrity": "sha512-PFlPKnIVTkt3CMrasTVKFEoDO4kfy1i3p4g8iU255ydZnxieGpHGa1d5gvVH9qpmxMPoIpjN57YoP/drLbJQrg=="
    },
    "node_modules/wxmp-rsa": {
      "version": "2.1.0",
      "resolved": "https://npm.ivanli.cc/wxmp-rsa/-/wxmp-rsa-2.1.0.tgz",
      "integrity": "sha512-VbWMJ+vf8t7G93sjkqjCn5yGy/Si3M8uD6OFebqjJWJ1R0WCyle7X6SNia7WWG6Qe1F2/OWxhbcSGA6ebUBwIA==",
      "license": "MIT"
    }
  },
  "dependencies": {
    "weui-miniprogram": {
      "version": "1.2.3",
      "resolved": "https://registry.npmjs.org/weui-miniprogram/-/weui-miniprogram-1.2.3.tgz",
      "integrity": "sha512-PFlPKnIVTkt3CMrasTVKFEoDO4kfy1i3p4g8iU255ydZnxieGpHGa1d5gvVH9qpmxMPoIpjN57YoP/drLbJQrg=="
    },
    "wxmp-rsa": {
      "version": "2.1.0",
      "resolved": "https://npm.ivanli.cc/wxmp-rsa/-/wxmp-rsa-2.1.0.tgz",
      "integrity": "sha512-VbWMJ+vf8t7G93sjkqjCn5yGy/Si3M8uD6OFebqjJWJ1R0WCyle7X6SNia7WWG6Qe1F2/OWxhbcSGA6ebUBwIA=="
    }
  }
}
